// !$*UTF8*$!
{
	archiveVersion = 1;
	classes = {
	};
	objectVersion = 56;
	objects = {

/* Begin PBXBuildFile section */
		0DDF00EAA489D7B2478EAF00 /* Pods_GroceriesTracker_GroceriesTrackerUITests.framework in Frameworks */ = {isa = PBXBuildFile; fileRef = 8D03B260C7C67B1A81B4EBF5 /* Pods_GroceriesTracker_GroceriesTrackerUITests.framework */; };
		19948AA62A0A9CE9002C9B1B /* GroceriesTrackerApp.swift in Sources */ = {isa = PBXBuildFile; fileRef = 19948AA52A0A9CE9002C9B1B /* GroceriesTrackerApp.swift */; };
		19948AA82A0A9CE9002C9B1B /* ContentView.swift in Sources */ = {isa = PBXBuildFile; fileRef = 19948AA72A0A9CE9002C9B1B /* ContentView.swift */; };
		19948AAA2A0A9CED002C9B1B /* Assets.xcassets in Resources */ = {isa = PBXBuildFile; fileRef = 19948AA92A0A9CED002C9B1B /* Assets.xcassets */; };
		19948AAD2A0A9CED002C9B1B /* Preview Assets.xcassets in Resources */ = {isa = PBXBuildFile; fileRef = 19948AAC2A0A9CED002C9B1B /* Preview Assets.xcassets */; };
		19948AC12A0A9CED002C9B1B /* GroceriesTrackerUITests.swift in Sources */ = {isa = PBXBuildFile; fileRef = 19948AC02A0A9CED002C9B1B /* GroceriesTrackerUITests.swift */; };
		19948AC32A0A9CED002C9B1B /* GroceriesTrackerUITestsLaunchTests.swift in Sources */ = {isa = PBXBuildFile; fileRef = 19948AC22A0A9CED002C9B1B /* GroceriesTrackerUITestsLaunchTests.swift */; };
		19948AD22A0A9D1F002C9B1B /* ShoppingCartView.swift in Sources */ = {isa = PBXBuildFile; fileRef = 19948AD12A0A9D1F002C9B1B /* ShoppingCartView.swift */; };
		19948AD42A0A9D2D002C9B1B /* ShoppingCartViewModel.swift in Sources */ = {isa = PBXBuildFile; fileRef = 19948AD32A0A9D2D002C9B1B /* ShoppingCartViewModel.swift */; };
		19948AD82A0A9D85002C9B1B /* Product.swift in Sources */ = {isa = PBXBuildFile; fileRef = 19948AD72A0A9D85002C9B1B /* Product.swift */; };
		19948ADF2A0AA048002C9B1B /* ShoppingCartTests.swift in Sources */ = {isa = PBXBuildFile; fileRef = 19948ADE2A0AA048002C9B1B /* ShoppingCartTests.swift */; };
		19948AE12A0AA1AA002C9B1B /* ShoppingCart.swift in Sources */ = {isa = PBXBuildFile; fileRef = 19948AE02A0AA1AA002C9B1B /* ShoppingCart.swift */; };
		3A43C51C7FD2269464802119 /* Pods_GroceriesTracker.framework in Frameworks */ = {isa = PBXBuildFile; fileRef = 1B8176C1491C246A5FCFFE98 /* Pods_GroceriesTracker.framework */; };
		DC1FB9D4AE55EA6CF76821A5 /* Pods_GroceriesTrackerTests.framework in Frameworks */ = {isa = PBXBuildFile; fileRef = 55D3F70BECF85987D1A6BEA7 /* Pods_GroceriesTrackerTests.framework */; };
/* End PBXBuildFile section */

/* Begin PBXContainerItemProxy section */
		19948AB32A0A9CED002C9B1B /* PBXContainerItemProxy */ = {
			isa = PBXContainerItemProxy;
			containerPortal = 19948A9A2A0A9CE9002C9B1B /* Project object */;
			proxyType = 1;
			remoteGlobalIDString = 19948AA12A0A9CE9002C9B1B;
			remoteInfo = GroceriesTracker;
		};
		19948ABD2A0A9CED002C9B1B /* PBXContainerItemProxy */ = {
			isa = PBXContainerItemProxy;
			containerPortal = 19948A9A2A0A9CE9002C9B1B /* Project object */;
			proxyType = 1;
			remoteGlobalIDString = 19948AA12A0A9CE9002C9B1B;
			remoteInfo = GroceriesTracker;
		};
/* End PBXContainerItemProxy section */

/* Begin PBXFileReference section */
		041BD2693C1DACE570E92D5B /* Pods-GroceriesTracker.release.xcconfig */ = {isa = PBXFileReference; includeInIndex = 1; lastKnownFileType = text.xcconfig; name = "Pods-GroceriesTracker.release.xcconfig"; path = "Target Support Files/Pods-GroceriesTracker/Pods-GroceriesTracker.release.xcconfig"; sourceTree = "<group>"; };
		19948AA22A0A9CE9002C9B1B /* GroceriesTracker.app */ = {isa = PBXFileReference; explicitFileType = wrapper.application; includeInIndex = 0; path = GroceriesTracker.app; sourceTree = BUILT_PRODUCTS_DIR; };
		19948AA52A0A9CE9002C9B1B /* GroceriesTrackerApp.swift */ = {isa = PBXFileReference; lastKnownFileType = sourcecode.swift; path = GroceriesTrackerApp.swift; sourceTree = "<group>"; };
		19948AA72A0A9CE9002C9B1B /* ContentView.swift */ = {isa = PBXFileReference; lastKnownFileType = sourcecode.swift; path = ContentView.swift; sourceTree = "<group>"; };
		19948AA92A0A9CED002C9B1B /* Assets.xcassets */ = {isa = PBXFileReference; lastKnownFileType = folder.assetcatalog; path = Assets.xcassets; sourceTree = "<group>"; };
		19948AAC2A0A9CED002C9B1B /* Preview Assets.xcassets */ = {isa = PBXFileReference; lastKnownFileType = folder.assetcatalog; path = "Preview Assets.xcassets"; sourceTree = "<group>"; };
		19948AB22A0A9CED002C9B1B /* GroceriesTrackerTests.xctest */ = {isa = PBXFileReference; explicitFileType = wrapper.cfbundle; includeInIndex = 0; path = GroceriesTrackerTests.xctest; sourceTree = BUILT_PRODUCTS_DIR; };
		19948ABC2A0A9CED002C9B1B /* GroceriesTrackerUITests.xctest */ = {isa = PBXFileReference; explicitFileType = wrapper.cfbundle; includeInIndex = 0; path = GroceriesTrackerUITests.xctest; sourceTree = BUILT_PRODUCTS_DIR; };
		19948AC02A0A9CED002C9B1B /* GroceriesTrackerUITests.swift */ = {isa = PBXFileReference; lastKnownFileType = sourcecode.swift; path = GroceriesTrackerUITests.swift; sourceTree = "<group>"; };
		19948AC22A0A9CED002C9B1B /* GroceriesTrackerUITestsLaunchTests.swift */ = {isa = PBXFileReference; lastKnownFileType = sourcecode.swift; path = GroceriesTrackerUITestsLaunchTests.swift; sourceTree = "<group>"; };
		19948AD12A0A9D1F002C9B1B /* ShoppingCartView.swift */ = {isa = PBXFileReference; lastKnownFileType = sourcecode.swift; path = ShoppingCartView.swift; sourceTree = "<group>"; };
		19948AD32A0A9D2D002C9B1B /* ShoppingCartViewModel.swift */ = {isa = PBXFileReference; lastKnownFileType = sourcecode.swift; path = ShoppingCartViewModel.swift; sourceTree = "<group>"; };
		19948AD72A0A9D85002C9B1B /* Product.swift */ = {isa = PBXFileReference; lastKnownFileType = sourcecode.swift; path = Product.swift; sourceTree = "<group>"; };
		19948ADE2A0AA048002C9B1B /* ShoppingCartTests.swift */ = {isa = PBXFileReference; lastKnownFileType = sourcecode.swift; path = ShoppingCartTests.swift; sourceTree = "<group>"; };
		19948AE02A0AA1AA002C9B1B /* ShoppingCart.swift */ = {isa = PBXFileReference; lastKnownFileType = sourcecode.swift; path = ShoppingCart.swift; sourceTree = "<group>"; };
		1B8176C1491C246A5FCFFE98 /* Pods_GroceriesTracker.framework */ = {isa = PBXFileReference; explicitFileType = wrapper.framework; includeInIndex = 0; path = Pods_GroceriesTracker.framework; sourceTree = BUILT_PRODUCTS_DIR; };
		3625BE0523D148F913D7B70E /* Pods-GroceriesTracker-GroceriesTrackerUITests.release.xcconfig */ = {isa = PBXFileReference; includeInIndex = 1; lastKnownFileType = text.xcconfig; name = "Pods-GroceriesTracker-GroceriesTrackerUITests.release.xcconfig"; path = "Target Support Files/Pods-GroceriesTracker-GroceriesTrackerUITests/Pods-GroceriesTracker-GroceriesTrackerUITests.release.xcconfig"; sourceTree = "<group>"; };
		55D3F70BECF85987D1A6BEA7 /* Pods_GroceriesTrackerTests.framework */ = {isa = PBXFileReference; explicitFileType = wrapper.framework; includeInIndex = 0; path = Pods_GroceriesTrackerTests.framework; sourceTree = BUILT_PRODUCTS_DIR; };
		8CF2F02544E90A02808DEEFF /* Pods-GroceriesTrackerTests.debug.xcconfig */ = {isa = PBXFileReference; includeInIndex = 1; lastKnownFileType = text.xcconfig; name = "Pods-GroceriesTrackerTests.debug.xcconfig"; path = "Target Support Files/Pods-GroceriesTrackerTests/Pods-GroceriesTrackerTests.debug.xcconfig"; sourceTree = "<group>"; };
		8D03B260C7C67B1A81B4EBF5 /* Pods_GroceriesTracker_GroceriesTrackerUITests.framework */ = {isa = PBXFileReference; explicitFileType = wrapper.framework; includeInIndex = 0; path = Pods_GroceriesTracker_GroceriesTrackerUITests.framework; sourceTree = BUILT_PRODUCTS_DIR; };
		BD773E33A43A630122E52C65 /* Pods-GroceriesTracker-GroceriesTrackerUITests.debug.xcconfig */ = {isa = PBXFileReference; includeInIndex = 1; lastKnownFileType = text.xcconfig; name = "Pods-GroceriesTracker-GroceriesTrackerUITests.debug.xcconfig"; path = "Target Support Files/Pods-GroceriesTracker-GroceriesTrackerUITests/Pods-GroceriesTracker-GroceriesTrackerUITests.debug.xcconfig"; sourceTree = "<group>"; };
		DA3902BC6DF795BBAAE5392A /* Pods-GroceriesTrackerTests.release.xcconfig */ = {isa = PBXFileReference; includeInIndex = 1; lastKnownFileType = text.xcconfig; name = "Pods-GroceriesTrackerTests.release.xcconfig"; path = "Target Support Files/Pods-GroceriesTrackerTests/Pods-GroceriesTrackerTests.release.xcconfig"; sourceTree = "<group>"; };
		F4E8425C20F528A6F60641A3 /* Pods-GroceriesTracker.debug.xcconfig */ = {isa = PBXFileReference; includeInIndex = 1; lastKnownFileType = text.xcconfig; name = "Pods-GroceriesTracker.debug.xcconfig"; path = "Target Support Files/Pods-GroceriesTracker/Pods-GroceriesTracker.debug.xcconfig"; sourceTree = "<group>"; };
/* End PBXFileReference section */

/* Begin PBXFrameworksBuildPhase section */
		19948A9F2A0A9CE9002C9B1B /* Frameworks */ = {
			isa = PBXFrameworksBuildPhase;
			buildActionMask = 2147483647;
			files = (
				3A43C51C7FD2269464802119 /* Pods_GroceriesTracker.framework in Frameworks */,
			);
			runOnlyForDeploymentPostprocessing = 0;
		};
		19948AAF2A0A9CED002C9B1B /* Frameworks */ = {
			isa = PBXFrameworksBuildPhase;
			buildActionMask = 2147483647;
			files = (
				DC1FB9D4AE55EA6CF76821A5 /* Pods_GroceriesTrackerTests.framework in Frameworks */,
			);
			runOnlyForDeploymentPostprocessing = 0;
		};
		19948AB92A0A9CED002C9B1B /* Frameworks */ = {
			isa = PBXFrameworksBuildPhase;
			buildActionMask = 2147483647;
			files = (
				0DDF00EAA489D7B2478EAF00 /* Pods_GroceriesTracker_GroceriesTrackerUITests.framework in Frameworks */,
			);
			runOnlyForDeploymentPostprocessing = 0;
		};
/* End PBXFrameworksBuildPhase section */

/* Begin PBXGroup section */
		1725DABC56D75119AE4B7AD4 /* Frameworks */ = {
			isa = PBXGroup;
			children = (
				1B8176C1491C246A5FCFFE98 /* Pods_GroceriesTracker.framework */,
				8D03B260C7C67B1A81B4EBF5 /* Pods_GroceriesTracker_GroceriesTrackerUITests.framework */,
				55D3F70BECF85987D1A6BEA7 /* Pods_GroceriesTrackerTests.framework */,
			);
			name = Frameworks;
			sourceTree = "<group>";
		};
		19948A992A0A9CE9002C9B1B = {
			isa = PBXGroup;
			children = (
				19948AA42A0A9CE9002C9B1B /* GroceriesTracker */,
				19948AB52A0A9CED002C9B1B /* GroceriesTrackerTests */,
				19948ABF2A0A9CED002C9B1B /* GroceriesTrackerUITests */,
				19948AA32A0A9CE9002C9B1B /* Products */,
				CBED3C5B7706C1107665F9D6 /* Pods */,
				1725DABC56D75119AE4B7AD4 /* Frameworks */,
			);
			sourceTree = "<group>";
		};
		19948AA32A0A9CE9002C9B1B /* Products */ = {
			isa = PBXGroup;
			children = (
				19948AA22A0A9CE9002C9B1B /* GroceriesTracker.app */,
				19948AB22A0A9CED002C9B1B /* GroceriesTrackerTests.xctest */,
				19948ABC2A0A9CED002C9B1B /* GroceriesTrackerUITests.xctest */,
			);
			name = Products;
			sourceTree = "<group>";
		};
		19948AA42A0A9CE9002C9B1B /* GroceriesTracker */ = {
			isa = PBXGroup;
			children = (
				19948AD52A0A9D75002C9B1B /* Domain */,
				19948ACF2A0A9D07002C9B1B /* UI */,
				19948AA52A0A9CE9002C9B1B /* GroceriesTrackerApp.swift */,
				19948AA72A0A9CE9002C9B1B /* ContentView.swift */,
				19948AA92A0A9CED002C9B1B /* Assets.xcassets */,
				19948AAB2A0A9CED002C9B1B /* Preview Content */,
			);
			path = GroceriesTracker;
			sourceTree = "<group>";
		};
		19948AAB2A0A9CED002C9B1B /* Preview Content */ = {
			isa = PBXGroup;
			children = (
				19948AAC2A0A9CED002C9B1B /* Preview Assets.xcassets */,
			);
			path = "Preview Content";
			sourceTree = "<group>";
		};
		19948AB52A0A9CED002C9B1B /* GroceriesTrackerTests */ = {
			isa = PBXGroup;
			children = (
				19948ADC2A0AA030002C9B1B /* Domain */,
				19948AD92A0AA008002C9B1B /* UI */,
			);
			path = GroceriesTrackerTests;
			sourceTree = "<group>";
		};
		19948ABF2A0A9CED002C9B1B /* GroceriesTrackerUITests */ = {
			isa = PBXGroup;
			children = (
				19948AC02A0A9CED002C9B1B /* GroceriesTrackerUITests.swift */,
				19948AC22A0A9CED002C9B1B /* GroceriesTrackerUITestsLaunchTests.swift */,
			);
			path = GroceriesTrackerUITests;
			sourceTree = "<group>";
		};
		19948ACF2A0A9D07002C9B1B /* UI */ = {
			isa = PBXGroup;
			children = (
				19948AD02A0A9D0E002C9B1B /* Cart */,
			);
			path = UI;
			sourceTree = "<group>";
		};
		19948AD02A0A9D0E002C9B1B /* Cart */ = {
			isa = PBXGroup;
			children = (
				19948AD12A0A9D1F002C9B1B /* ShoppingCartView.swift */,
				19948AD32A0A9D2D002C9B1B /* ShoppingCartViewModel.swift */,
			);
			path = Cart;
			sourceTree = "<group>";
		};
		19948AD52A0A9D75002C9B1B /* Domain */ = {
			isa = PBXGroup;
			children = (
				19948AD62A0A9D7B002C9B1B /* Models */,
			);
			path = Domain;
			sourceTree = "<group>";
		};
		19948AD62A0A9D7B002C9B1B /* Models */ = {
			isa = PBXGroup;
			children = (
				19948AD72A0A9D85002C9B1B /* Product.swift */,
				19948AE02A0AA1AA002C9B1B /* ShoppingCart.swift */,
			);
			path = Models;
			sourceTree = "<group>";
		};
		19948AD92A0AA008002C9B1B /* UI */ = {
			isa = PBXGroup;
			children = (
			);
			path = UI;
			sourceTree = "<group>";
		};
		19948ADC2A0AA030002C9B1B /* Domain */ = {
			isa = PBXGroup;
			children = (
				19948ADD2A0AA038002C9B1B /* Models */,
			);
			path = Domain;
			sourceTree = "<group>";
		};
		19948ADD2A0AA038002C9B1B /* Models */ = {
			isa = PBXGroup;
			children = (
				19948ADE2A0AA048002C9B1B /* ShoppingCartTests.swift */,
			);
			path = Models;
			sourceTree = "<group>";
		};
		CBED3C5B7706C1107665F9D6 /* Pods */ = {
			isa = PBXGroup;
			children = (
				F4E8425C20F528A6F60641A3 /* Pods-GroceriesTracker.debug.xcconfig */,
				041BD2693C1DACE570E92D5B /* Pods-GroceriesTracker.release.xcconfig */,
				BD773E33A43A630122E52C65 /* Pods-GroceriesTracker-GroceriesTrackerUITests.debug.xcconfig */,
				3625BE0523D148F913D7B70E /* Pods-GroceriesTracker-GroceriesTrackerUITests.release.xcconfig */,
				8CF2F02544E90A02808DEEFF /* Pods-GroceriesTrackerTests.debug.xcconfig */,
				DA3902BC6DF795BBAAE5392A /* Pods-GroceriesTrackerTests.release.xcconfig */,
			);
			path = Pods;
			sourceTree = "<group>";
		};
/* End PBXGroup section */

/* Begin PBXNativeTarget section */
		19948AA12A0A9CE9002C9B1B /* GroceriesTracker */ = {
			isa = PBXNativeTarget;
			buildConfigurationList = 19948AC62A0A9CED002C9B1B /* Build configuration list for PBXNativeTarget "GroceriesTracker" */;
			buildPhases = (
				AA4243CD48BE61564A315425 /* [CP] Check Pods Manifest.lock */,
				19948A9E2A0A9CE9002C9B1B /* Sources */,
				19948A9F2A0A9CE9002C9B1B /* Frameworks */,
				19948AA02A0A9CE9002C9B1B /* Resources */,
			);
			buildRules = (
			);
			dependencies = (
			);
			name = GroceriesTracker;
			productName = GroceriesTracker;
			productReference = 19948AA22A0A9CE9002C9B1B /* GroceriesTracker.app */;
			productType = "com.apple.product-type.application";
		};
		19948AB12A0A9CED002C9B1B /* GroceriesTrackerTests */ = {
			isa = PBXNativeTarget;
			buildConfigurationList = 19948AC92A0A9CED002C9B1B /* Build configuration list for PBXNativeTarget "GroceriesTrackerTests" */;
			buildPhases = (
				8DFCEB34F740E3F4760E8224 /* [CP] Check Pods Manifest.lock */,
				19948AAE2A0A9CED002C9B1B /* Sources */,
				19948AAF2A0A9CED002C9B1B /* Frameworks */,
				19948AB02A0A9CED002C9B1B /* Resources */,
				56AC53A94EA650CEF9DE3C41 /* [CP] Embed Pods Frameworks */,
			);
			buildRules = (
			);
			dependencies = (
				19948AB42A0A9CED002C9B1B /* PBXTargetDependency */,
			);
			name = GroceriesTrackerTests;
			productName = GroceriesTrackerTests;
			productReference = 19948AB22A0A9CED002C9B1B /* GroceriesTrackerTests.xctest */;
			productType = "com.apple.product-type.bundle.unit-test";
		};
		19948ABB2A0A9CED002C9B1B /* GroceriesTrackerUITests */ = {
			isa = PBXNativeTarget;
			buildConfigurationList = 19948ACC2A0A9CED002C9B1B /* Build configuration list for PBXNativeTarget "GroceriesTrackerUITests" */;
			buildPhases = (
				6F66DA14DF48925BB9D28E55 /* [CP] Check Pods Manifest.lock */,
				19948AB82A0A9CED002C9B1B /* Sources */,
				19948AB92A0A9CED002C9B1B /* Frameworks */,
				19948ABA2A0A9CED002C9B1B /* Resources */,
			);
			buildRules = (
			);
			dependencies = (
				19948ABE2A0A9CED002C9B1B /* PBXTargetDependency */,
			);
			name = GroceriesTrackerUITests;
			productName = GroceriesTrackerUITests;
			productReference = 19948ABC2A0A9CED002C9B1B /* GroceriesTrackerUITests.xctest */;
			productType = "com.apple.product-type.bundle.ui-testing";
		};
/* End PBXNativeTarget section */

/* Begin PBXProject section */
		19948A9A2A0A9CE9002C9B1B /* Project object */ = {
			isa = PBXProject;
			attributes = {
				BuildIndependentTargetsInParallel = 1;
				LastSwiftUpdateCheck = 1420;
				LastUpgradeCheck = 1420;
				TargetAttributes = {
					19948AA12A0A9CE9002C9B1B = {
						CreatedOnToolsVersion = 14.2;
					};
					19948AB12A0A9CED002C9B1B = {
						CreatedOnToolsVersion = 14.2;
						TestTargetID = 19948AA12A0A9CE9002C9B1B;
					};
					19948ABB2A0A9CED002C9B1B = {
						CreatedOnToolsVersion = 14.2;
						TestTargetID = 19948AA12A0A9CE9002C9B1B;
					};
				};
			};
			buildConfigurationList = 19948A9D2A0A9CE9002C9B1B /* Build configuration list for PBXProject "GroceriesTracker" */;
			compatibilityVersion = "Xcode 14.0";
			developmentRegion = en;
			hasScannedForEncodings = 0;
			knownRegions = (
				en,
				Base,
			);
			mainGroup = 19948A992A0A9CE9002C9B1B;
			productRefGroup = 19948AA32A0A9CE9002C9B1B /* Products */;
			projectDirPath = "";
			projectRoot = "";
			targets = (
				19948AA12A0A9CE9002C9B1B /* GroceriesTracker */,
				19948AB12A0A9CED002C9B1B /* GroceriesTrackerTests */,
				19948ABB2A0A9CED002C9B1B /* GroceriesTrackerUITests */,
			);
		};
/* End PBXProject section */

/* Begin PBXResourcesBuildPhase section */
		19948AA02A0A9CE9002C9B1B /* Resources */ = {
			isa = PBXResourcesBuildPhase;
			buildActionMask = 2147483647;
			files = (
				19948AAD2A0A9CED002C9B1B /* Preview Assets.xcassets in Resources */,
				19948AAA2A0A9CED002C9B1B /* Assets.xcassets in Resources */,
			);
			runOnlyForDeploymentPostprocessing = 0;
		};
		19948AB02A0A9CED002C9B1B /* Resources */ = {
			isa = PBXResourcesBuildPhase;
			buildActionMask = 2147483647;
			files = (
			);
			runOnlyForDeploymentPostprocessing = 0;
		};
		19948ABA2A0A9CED002C9B1B /* Resources */ = {
			isa = PBXResourcesBuildPhase;
			buildActionMask = 2147483647;
			files = (
			);
			runOnlyForDeploymentPostprocessing = 0;
		};
/* End PBXResourcesBuildPhase section */

/* Begin PBXShellScriptBuildPhase section */
		56AC53A94EA650CEF9DE3C41 /* [CP] Embed Pods Frameworks */ = {
			isa = PBXShellScriptBuildPhase;
			buildActionMask = 2147483647;
			files = (
			);
			inputFileListPaths = (
				"${PODS_ROOT}/Target Support Files/Pods-GroceriesTrackerTests/Pods-GroceriesTrackerTests-frameworks-${CONFIGURATION}-input-files.xcfilelist",
			);
			name = "[CP] Embed Pods Frameworks";
			outputFileListPaths = (
				"${PODS_ROOT}/Target Support Files/Pods-GroceriesTrackerTests/Pods-GroceriesTrackerTests-frameworks-${CONFIGURATION}-output-files.xcfilelist",
			);
			runOnlyForDeploymentPostprocessing = 0;
			shellPath = /bin/sh;
			shellScript = "\"${PODS_ROOT}/Target Support Files/Pods-GroceriesTrackerTests/Pods-GroceriesTrackerTests-frameworks.sh\"\n";
			showEnvVarsInLog = 0;
		};
		6F66DA14DF48925BB9D28E55 /* [CP] Check Pods Manifest.lock */ = {
			isa = PBXShellScriptBuildPhase;
			buildActionMask = 2147483647;
			files = (
			);
			inputFileListPaths = (
			);
			inputPaths = (
				"${PODS_PODFILE_DIR_PATH}/Podfile.lock",
				"${PODS_ROOT}/Manifest.lock",
			);
			name = "[CP] Check Pods Manifest.lock";
			outputFileListPaths = (
			);
			outputPaths = (
				"$(DERIVED_FILE_DIR)/Pods-GroceriesTracker-GroceriesTrackerUITests-checkManifestLockResult.txt",
			);
			runOnlyForDeploymentPostprocessing = 0;
			shellPath = /bin/sh;
			shellScript = "diff \"${PODS_PODFILE_DIR_PATH}/Podfile.lock\" \"${PODS_ROOT}/Manifest.lock\" > /dev/null\nif [ $? != 0 ] ; then\n    # print error to STDERR\n    echo \"error: The sandbox is not in sync with the Podfile.lock. Run 'pod install' or update your CocoaPods installation.\" >&2\n    exit 1\nfi\n# This output is used by Xcode 'outputs' to avoid re-running this script phase.\necho \"SUCCESS\" > \"${SCRIPT_OUTPUT_FILE_0}\"\n";
			showEnvVarsInLog = 0;
		};
		8DFCEB34F740E3F4760E8224 /* [CP] Check Pods Manifest.lock */ = {
			isa = PBXShellScriptBuildPhase;
			buildActionMask = 2147483647;
			files = (
			);
			inputFileListPaths = (
			);
			inputPaths = (
				"${PODS_PODFILE_DIR_PATH}/Podfile.lock",
				"${PODS_ROOT}/Manifest.lock",
			);
			name = "[CP] Check Pods Manifest.lock";
			outputFileListPaths = (
			);
			outputPaths = (
				"$(DERIVED_FILE_DIR)/Pods-GroceriesTrackerTests-checkManifestLockResult.txt",
			);
			runOnlyForDeploymentPostprocessing = 0;
			shellPath = /bin/sh;
			shellScript = "diff \"${PODS_PODFILE_DIR_PATH}/Podfile.lock\" \"${PODS_ROOT}/Manifest.lock\" > /dev/null\nif [ $? != 0 ] ; then\n    # print error to STDERR\n    echo \"error: The sandbox is not in sync with the Podfile.lock. Run 'pod install' or update your CocoaPods installation.\" >&2\n    exit 1\nfi\n# This output is used by Xcode 'outputs' to avoid re-running this script phase.\necho \"SUCCESS\" > \"${SCRIPT_OUTPUT_FILE_0}\"\n";
			showEnvVarsInLog = 0;
		};
		AA4243CD48BE61564A315425 /* [CP] Check Pods Manifest.lock */ = {
			isa = PBXShellScriptBuildPhase;
			buildActionMask = 2147483647;
			files = (
			);
			inputFileListPaths = (
			);
			inputPaths = (
				"${PODS_PODFILE_DIR_PATH}/Podfile.lock",
				"${PODS_ROOT}/Manifest.lock",
			);
			name = "[CP] Check Pods Manifest.lock";
			outputFileListPaths = (
			);
			outputPaths = (
				"$(DERIVED_FILE_DIR)/Pods-GroceriesTracker-checkManifestLockResult.txt",
			);
			runOnlyForDeploymentPostprocessing = 0;
			shellPath = /bin/sh;
			shellScript = "diff \"${PODS_PODFILE_DIR_PATH}/Podfile.lock\" \"${PODS_ROOT}/Manifest.lock\" > /dev/null\nif [ $? != 0 ] ; then\n    # print error to STDERR\n    echo \"error: The sandbox is not in sync with the Podfile.lock. Run 'pod install' or update your CocoaPods installation.\" >&2\n    exit 1\nfi\n# This output is used by Xcode 'outputs' to avoid re-running this script phase.\necho \"SUCCESS\" > \"${SCRIPT_OUTPUT_FILE_0}\"\n";
			showEnvVarsInLog = 0;
		};
/* End PBXShellScriptBuildPhase section */

/* Begin PBXSourcesBuildPhase section */
		19948A9E2A0A9CE9002C9B1B /* Sources */ = {
			isa = PBXSourcesBuildPhase;
			buildActionMask = 2147483647;
			files = (
				19948AD42A0A9D2D002C9B1B /* ShoppingCartViewModel.swift in Sources */,
				19948AA82A0A9CE9002C9B1B /* ContentView.swift in Sources */,
				19948AD82A0A9D85002C9B1B /* Product.swift in Sources */,
				19948AD22A0A9D1F002C9B1B /* ShoppingCartView.swift in Sources */,
				19948AA62A0A9CE9002C9B1B /* GroceriesTrackerApp.swift in Sources */,
				19948AE12A0AA1AA002C9B1B /* ShoppingCart.swift in Sources */,
			);
			runOnlyForDeploymentPostprocessing = 0;
		};
		19948AAE2A0A9CED002C9B1B /* Sources */ = {
			isa = PBXSourcesBuildPhase;
			buildActionMask = 2147483647;
			files = (
				19948ADF2A0AA048002C9B1B /* ShoppingCartTests.swift in Sources */,
			);
			runOnlyForDeploymentPostprocessing = 0;
		};
		19948AB82A0A9CED002C9B1B /* Sources */ = {
			isa = PBXSourcesBuildPhase;
			buildActionMask = 2147483647;
			files = (
				19948AC12A0A9CED002C9B1B /* GroceriesTrackerUITests.swift in Sources */,
				19948AC32A0A9CED002C9B1B /* GroceriesTrackerUITestsLaunchTests.swift in Sources */,
			);
			runOnlyForDeploymentPostprocessing = 0;
		};
/* End PBXSourcesBuildPhase section */

/* Begin PBXTargetDependency section */
		19948AB42A0A9CED002C9B1B /* PBXTargetDependency */ = {
			isa = PBXTargetDependency;
			target = 19948AA12A0A9CE9002C9B1B /* GroceriesTracker */;
			targetProxy = 19948AB32A0A9CED002C9B1B /* PBXContainerItemProxy */;
		};
		19948ABE2A0A9CED002C9B1B /* PBXTargetDependency */ = {
			isa = PBXTargetDependency;
			target = 19948AA12A0A9CE9002C9B1B /* GroceriesTracker */;
			targetProxy = 19948ABD2A0A9CED002C9B1B /* PBXContainerItemProxy */;
		};
/* End PBXTargetDependency section */

/* Begin XCBuildConfiguration section */
		19948AC42A0A9CED002C9B1B /* Debug */ = {
			isa = XCBuildConfiguration;
			buildSettings = {
				ALWAYS_SEARCH_USER_PATHS = NO;
				CLANG_ANALYZER_NONNULL = YES;
				CLANG_ANALYZER_NUMBER_OBJECT_CONVERSION = YES_AGGRESSIVE;
				CLANG_CXX_LANGUAGE_STANDARD = "gnu++20";
				CLANG_ENABLE_MODULES = YES;
				CLANG_ENABLE_OBJC_ARC = YES;
				CLANG_ENABLE_OBJC_WEAK = YES;
				CLANG_WARN_BLOCK_CAPTURE_AUTORELEASING = YES;
				CLANG_WARN_BOOL_CONVERSION = YES;
				CLANG_WARN_COMMA = YES;
				CLANG_WARN_CONSTANT_CONVERSION = YES;
				CLANG_WARN_DEPRECATED_OBJC_IMPLEMENTATIONS = YES;
				CLANG_WARN_DIRECT_OBJC_ISA_USAGE = YES_ERROR;
				CLANG_WARN_DOCUMENTATION_COMMENTS = YES;
				CLANG_WARN_EMPTY_BODY = YES;
				CLANG_WARN_ENUM_CONVERSION = YES;
				CLANG_WARN_INFINITE_RECURSION = YES;
				CLANG_WARN_INT_CONVERSION = YES;
				CLANG_WARN_NON_LITERAL_NULL_CONVERSION = YES;
				CLANG_WARN_OBJC_IMPLICIT_RETAIN_SELF = YES;
				CLANG_WARN_OBJC_LITERAL_CONVERSION = YES;
				CLANG_WARN_OBJC_ROOT_CLASS = YES_ERROR;
				CLANG_WARN_QUOTED_INCLUDE_IN_FRAMEWORK_HEADER = YES;
				CLANG_WARN_RANGE_LOOP_ANALYSIS = YES;
				CLANG_WARN_STRICT_PROTOTYPES = YES;
				CLANG_WARN_SUSPICIOUS_MOVE = YES;
				CLANG_WARN_UNGUARDED_AVAILABILITY = YES_AGGRESSIVE;
				CLANG_WARN_UNREACHABLE_CODE = YES;
				CLANG_WARN__DUPLICATE_METHOD_MATCH = YES;
				COPY_PHASE_STRIP = NO;
				DEBUG_INFORMATION_FORMAT = dwarf;
				ENABLE_STRICT_OBJC_MSGSEND = YES;
				ENABLE_TESTABILITY = YES;
				GCC_C_LANGUAGE_STANDARD = gnu11;
				GCC_DYNAMIC_NO_PIC = NO;
				GCC_NO_COMMON_BLOCKS = YES;
				GCC_OPTIMIZATION_LEVEL = 0;
				GCC_PREPROCESSOR_DEFINITIONS = (
					"DEBUG=1",
					"$(inherited)",
				);
				GCC_WARN_64_TO_32_BIT_CONVERSION = YES;
				GCC_WARN_ABOUT_RETURN_TYPE = YES_ERROR;
				GCC_WARN_UNDECLARED_SELECTOR = YES;
				GCC_WARN_UNINITIALIZED_AUTOS = YES_AGGRESSIVE;
				GCC_WARN_UNUSED_FUNCTION = YES;
				GCC_WARN_UNUSED_VARIABLE = YES;
				IPHONEOS_DEPLOYMENT_TARGET = 16.2;
				MTL_ENABLE_DEBUG_INFO = INCLUDE_SOURCE;
				MTL_FAST_MATH = YES;
				ONLY_ACTIVE_ARCH = YES;
				SDKROOT = iphoneos;
				SWIFT_ACTIVE_COMPILATION_CONDITIONS = DEBUG;
				SWIFT_OPTIMIZATION_LEVEL = "-Onone";
			};
			name = Debug;
		};
		19948AC52A0A9CED002C9B1B /* Release */ = {
			isa = XCBuildConfiguration;
			buildSettings = {
				ALWAYS_SEARCH_USER_PATHS = NO;
				CLANG_ANALYZER_NONNULL = YES;
				CLANG_ANALYZER_NUMBER_OBJECT_CONVERSION = YES_AGGRESSIVE;
				CLANG_CXX_LANGUAGE_STANDARD = "gnu++20";
				CLANG_ENABLE_MODULES = YES;
				CLANG_ENABLE_OBJC_ARC = YES;
				CLANG_ENABLE_OBJC_WEAK = YES;
				CLANG_WARN_BLOCK_CAPTURE_AUTORELEASING = YES;
				CLANG_WARN_BOOL_CONVERSION = YES;
				CLANG_WARN_COMMA = YES;
				CLANG_WARN_CONSTANT_CONVERSION = YES;
				CLANG_WARN_DEPRECATED_OBJC_IMPLEMENTATIONS = YES;
				CLANG_WARN_DIRECT_OBJC_ISA_USAGE = YES_ERROR;
				CLANG_WARN_DOCUMENTATION_COMMENTS = YES;
				CLANG_WARN_EMPTY_BODY = YES;
				CLANG_WARN_ENUM_CONVERSION = YES;
				CLANG_WARN_INFINITE_RECURSION = YES;
				CLANG_WARN_INT_CONVERSION = YES;
				CLANG_WARN_NON_LITERAL_NULL_CONVERSION = YES;
				CLANG_WARN_OBJC_IMPLICIT_RETAIN_SELF = YES;
				CLANG_WARN_OBJC_LITERAL_CONVERSION = YES;
				CLANG_WARN_OBJC_ROOT_CLASS = YES_ERROR;
				CLANG_WARN_QUOTED_INCLUDE_IN_FRAMEWORK_HEADER = YES;
				CLANG_WARN_RANGE_LOOP_ANALYSIS = YES;
				CLANG_WARN_STRICT_PROTOTYPES = YES;
				CLANG_WARN_SUSPICIOUS_MOVE = YES;
				CLANG_WARN_UNGUARDED_AVAILABILITY = YES_AGGRESSIVE;
				CLANG_WARN_UNREACHABLE_CODE = YES;
				CLANG_WARN__DUPLICATE_METHOD_MATCH = YES;
				COPY_PHASE_STRIP = NO;
				DEBUG_INFORMATION_FORMAT = "dwarf-with-dsym";
				ENABLE_NS_ASSERTIONS = NO;
				ENABLE_STRICT_OBJC_MSGSEND = YES;
				GCC_C_LANGUAGE_STANDARD = gnu11;
				GCC_NO_COMMON_BLOCKS = YES;
				GCC_WARN_64_TO_32_BIT_CONVERSION = YES;
				GCC_WARN_ABOUT_RETURN_TYPE = YES_ERROR;
				GCC_WARN_UNDECLARED_SELECTOR = YES;
				GCC_WARN_UNINITIALIZED_AUTOS = YES_AGGRESSIVE;
				GCC_WARN_UNUSED_FUNCTION = YES;
				GCC_WARN_UNUSED_VARIABLE = YES;
				IPHONEOS_DEPLOYMENT_TARGET = 16.2;
				MTL_ENABLE_DEBUG_INFO = NO;
				MTL_FAST_MATH = YES;
				SDKROOT = iphoneos;
				SWIFT_COMPILATION_MODE = wholemodule;
				SWIFT_OPTIMIZATION_LEVEL = "-O";
				VALIDATE_PRODUCT = YES;
			};
			name = Release;
		};
		19948AC72A0A9CED002C9B1B /* Debug */ = {
			isa = XCBuildConfiguration;
			baseConfigurationReference = F4E8425C20F528A6F60641A3 /* Pods-GroceriesTracker.debug.xcconfig */;
			buildSettings = {
				ASSETCATALOG_COMPILER_APPICON_NAME = AppIcon;
				ASSETCATALOG_COMPILER_GLOBAL_ACCENT_COLOR_NAME = AccentColor;
				CODE_SIGN_STYLE = Automatic;
				CURRENT_PROJECT_VERSION = 1;
				DEVELOPMENT_ASSET_PATHS = "\"GroceriesTracker/Preview Content\"";
				ENABLE_PREVIEWS = YES;
				GENERATE_INFOPLIST_FILE = YES;
				INFOPLIST_KEY_UIApplicationSceneManifest_Generation = YES;
				INFOPLIST_KEY_UIApplicationSupportsIndirectInputEvents = YES;
				INFOPLIST_KEY_UILaunchScreen_Generation = YES;
				INFOPLIST_KEY_UISupportedInterfaceOrientations_iPad = "UIInterfaceOrientationPortrait UIInterfaceOrientationPortraitUpsideDown UIInterfaceOrientationLandscapeLeft UIInterfaceOrientationLandscapeRight";
				INFOPLIST_KEY_UISupportedInterfaceOrientations_iPhone = "UIInterfaceOrientationPortrait UIInterfaceOrientationLandscapeLeft UIInterfaceOrientationLandscapeRight";
				LD_RUNPATH_SEARCH_PATHS = (
					"$(inherited)",
					"@executable_path/Frameworks",
				);
				MARKETING_VERSION = 1.0;
				PRODUCT_BUNDLE_IDENTIFIER = com.ilbesculpi.GroceriesTracker;
				PRODUCT_NAME = "$(TARGET_NAME)";
				SWIFT_EMIT_LOC_STRINGS = YES;
				SWIFT_VERSION = 5.0;
				TARGETED_DEVICE_FAMILY = "1,2";
			};
			name = Debug;
		};
		19948AC82A0A9CED002C9B1B /* Release */ = {
			isa = XCBuildConfiguration;
			baseConfigurationReference = 041BD2693C1DACE570E92D5B /* Pods-GroceriesTracker.release.xcconfig */;
			buildSettings = {
				ASSETCATALOG_COMPILER_APPICON_NAME = AppIcon;
				ASSETCATALOG_COMPILER_GLOBAL_ACCENT_COLOR_NAME = AccentColor;
				CODE_SIGN_STYLE = Automatic;
				CURRENT_PROJECT_VERSION = 1;
				DEVELOPMENT_ASSET_PATHS = "\"GroceriesTracker/Preview Content\"";
				ENABLE_PREVIEWS = YES;
				GENERATE_INFOPLIST_FILE = YES;
				INFOPLIST_KEY_UIApplicationSceneManifest_Generation = YES;
				INFOPLIST_KEY_UIApplicationSupportsIndirectInputEvents = YES;
				INFOPLIST_KEY_UILaunchScreen_Generation = YES;
				INFOPLIST_KEY_UISupportedInterfaceOrientations_iPad = "UIInterfaceOrientationPortrait UIInterfaceOrientationPortraitUpsideDown UIInterfaceOrientationLandscapeLeft UIInterfaceOrientationLandscapeRight";
				INFOPLIST_KEY_UISupportedInterfaceOrientations_iPhone = "UIInterfaceOrientationPortrait UIInterfaceOrientationLandscapeLeft UIInterfaceOrientationLandscapeRight";
				LD_RUNPATH_SEARCH_PATHS = (
					"$(inherited)",
					"@executable_path/Frameworks",
				);
				MARKETING_VERSION = 1.0;
				PRODUCT_BUNDLE_IDENTIFIER = com.ilbesculpi.GroceriesTracker;
				PRODUCT_NAME = "$(TARGET_NAME)";
				SWIFT_EMIT_LOC_STRINGS = YES;
				SWIFT_VERSION = 5.0;
				TARGETED_DEVICE_FAMILY = "1,2";
			};
			name = Release;
		};
		19948ACA2A0A9CED002C9B1B /* Debug */ = {
			isa = XCBuildConfiguration;
			baseConfigurationReference = 8CF2F02544E90A02808DEEFF /* Pods-GroceriesTrackerTests.debug.xcconfig */;
			buildSettings = {
				ALWAYS_EMBED_SWIFT_STANDARD_LIBRARIES = YES;
				BUNDLE_LOADER = "$(TEST_HOST)";
				CODE_SIGN_STYLE = Automatic;
				CURRENT_PROJECT_VERSION = 1;
				GENERATE_INFOPLIST_FILE = YES;
				IPHONEOS_DEPLOYMENT_TARGET = 16.2;
				MARKETING_VERSION = 1.0;
				PRODUCT_BUNDLE_IDENTIFIER = com.ilbesculpi.GroceriesTrackerTests;
				PRODUCT_NAME = "$(TARGET_NAME)";
				SWIFT_EMIT_LOC_STRINGS = NO;
				SWIFT_VERSION = 5.0;
				TARGETED_DEVICE_FAMILY = "1,2";
				TEST_HOST = "$(BUILT_PRODUCTS_DIR)/GroceriesTracker.app/$(BUNDLE_EXECUTABLE_FOLDER_PATH)/GroceriesTracker";
			};
			name = Debug;
		};
		19948ACB2A0A9CED002C9B1B /* Release */ = {
			isa = XCBuildConfiguration;
			baseConfigurationReference = DA3902BC6DF795BBAAE5392A /* Pods-GroceriesTrackerTests.release.xcconfig */;
			buildSettings = {
				ALWAYS_EMBED_SWIFT_STANDARD_LIBRARIES = YES;
				BUNDLE_LOADER = "$(TEST_HOST)";
				CODE_SIGN_STYLE = Automatic;
				CURRENT_PROJECT_VERSION = 1;
				GENERATE_INFOPLIST_FILE = YES;
				IPHONEOS_DEPLOYMENT_TARGET = 16.2;
				MARKETING_VERSION = 1.0;
				PRODUCT_BUNDLE_IDENTIFIER = com.ilbesculpi.GroceriesTrackerTests;
				PRODUCT_NAME = "$(TARGET_NAME)";
				SWIFT_EMIT_LOC_STRINGS = NO;
				SWIFT_VERSION = 5.0;
				TARGETED_DEVICE_FAMILY = "1,2";
				TEST_HOST = "$(BUILT_PRODUCTS_DIR)/GroceriesTracker.app/$(BUNDLE_EXECUTABLE_FOLDER_PATH)/GroceriesTracker";
			};
			name = Release;
		};
		19948ACD2A0A9CED002C9B1B /* Debug */ = {
			isa = XCBuildConfiguration;
			baseConfigurationReference = BD773E33A43A630122E52C65 /* Pods-GroceriesTracker-GroceriesTrackerUITests.debug.xcconfig */;
			buildSettings = {
				ALWAYS_EMBED_SWIFT_STANDARD_LIBRARIES = YES;
				CODE_SIGN_STYLE = Automatic;
				CURRENT_PROJECT_VERSION = 1;
				GENERATE_INFOPLIST_FILE = YES;
				MARKETING_VERSION = 1.0;
				PRODUCT_BUNDLE_IDENTIFIER = com.ilbesculpi.GroceriesTrackerUITests;
				PRODUCT_NAME = "$(TARGET_NAME)";
				SWIFT_EMIT_LOC_STRINGS = NO;
				SWIFT_VERSION = 5.0;
				TARGETED_DEVICE_FAMILY = "1,2";
				TEST_TARGET_NAME = GroceriesTracker;
			};
			name = Debug;
		};
		19948ACE2A0A9CED002C9B1B /* Release */ = {
			isa = XCBuildConfiguration;
			baseConfigurationReference = 3625BE0523D148F913D7B70E /* Pods-GroceriesTracker-GroceriesTrackerUITests.release.xcconfig */;
			buildSettings = {
				ALWAYS_EMBED_SWIFT_STANDARD_LIBRARIES = YES;
				CODE_SIGN_STYLE = Automatic;
				CURRENT_PROJECT_VERSION = 1;
				GENERATE_INFOPLIST_FILE = YES;
				MARKETING_VERSION = 1.0;
				PRODUCT_BUNDLE_IDENTIFIER = com.ilbesculpi.GroceriesTrackerUITests;
				PRODUCT_NAME = "$(TARGET_NAME)";
				SWIFT_EMIT_LOC_STRINGS = NO;
				SWIFT_VERSION = 5.0;
				TARGETED_DEVICE_FAMILY = "1,2";
				TEST_TARGET_NAME = GroceriesTracker;
			};
			name = Release;
		};
/* End XCBuildConfiguration section */

/* Begin XCConfigurationList section */
		19948A9D2A0A9CE9002C9B1B /* Build configuration list for PBXProject "GroceriesTracker" */ = {
			isa = XCConfigurationList;
			buildConfigurations = (
				19948AC42A0A9CED002C9B1B /* Debug */,
				19948AC52A0A9CED002C9B1B /* Release */,
			);
			defaultConfigurationIsVisible = 0;
			defaultConfigurationName = Release;
		};
		19948AC62A0A9CED002C9B1B /* Build configuration list for PBXNativeTarget "GroceriesTracker" */ = {
			isa = XCConfigurationList;
			buildConfigurations = (
				19948AC72A0A9CED002C9B1B /* Debug */,
				19948AC82A0A9CED002C9B1B /* Release */,
			);
			defaultConfigurationIsVisible = 0;
			defaultConfigurationName = Release;
		};
		19948AC92A0A9CED002C9B1B /* Build configuration list for PBXNativeTarget "GroceriesTrackerTests" */ = {
			isa = XCConfigurationList;
			buildConfigurations = (
				19948ACA2A0A9CED002C9B1B /* Debug */,
				19948ACB2A0A9CED002C9B1B /* Release */,
			);
			defaultConfigurationIsVisible = 0;
			defaultConfigurationName = Release;
		};
		19948ACC2A0A9CED002C9B1B /* Build configuration list for PBXNativeTarget "GroceriesTrackerUITests" */ = {
			isa = XCConfigurationList;
			buildConfigurations = (
				19948ACD2A0A9CED002C9B1B /* Debug */,
				19948ACE2A0A9CED002C9B1B /* Release */,
			);
			defaultConfigurationIsVisible = 0;
			defaultConfigurationName = Release;
		};
/* End XCConfigurationList section */
	};
	rootObject = 19948A9A2A0A9CE9002C9B1B /* Project object */;
}
